
Microsoft Visual Studio Solution File, Format Version 12.00
# Visual Studio 14
VisualStudioVersion = 14.0.25420.1
MinimumVisualStudioVersion = 10.0.40219.1
Project("{F088123C-0E9E-452A-89E6-6BA2F21D5CAC}") = "BarricadeModel", "BarricaeModel\BarricadeModel.modelproj", "{8AF8A378-3B80-4016-AD56-5808088B8B28}"
EndProject
Project("{FAE04EC0-301F-11D3-BF4B-00C04F79EFBC}") = "BarricadeModelLib", "BarricaeModelLib\BarricadeModelLib.csproj", "{F1DD28AE-5596-4F31-A8E5-281B5E5EAC14}"
EndProject
Project("{FAE04EC0-301F-11D3-BF4B-00C04F79EFBC}") = "BarricadeConsole", "BarricadeConsole\BarricadeConsole.csproj", "{EDA5B55D-52DA-4DEE-937C-6DED7F61C6A4}"
EndProject
Global
	GlobalSection(SolutionConfigurationPlatforms) = preSolution
		Debug|Any CPU = Debug|Any CPU
		Release|Any CPU = Release|Any CPU
	EndGlobalSection
	GlobalSection(ProjectConfigurationPlatforms) = postSolution
		{8AF8A378-3B80-4016-AD56-5808088B8B28}.Debug|Any CPU.ActiveCfg = Debug|Any CPU
		{8AF8A378-3B80-4016-AD56-5808088B8B28}.Debug|Any CPU.Build.0 = Debug|Any CPU
		{8AF8A378-3B80-4016-AD56-5808088B8B28}.Release|Any CPU.ActiveCfg = Release|Any CPU
		{8AF8A378-3B80-4016-AD56-5808088B8B28}.Release|Any CPU.Build.0 = Release|Any CPU
		{F1DD28AE-5596-4F31-A8E5-281B5E5EAC14}.Debug|Any CPU.ActiveCfg = Debug|Any CPU
		{F1DD28AE-5596-4F31-A8E5-281B5E5EAC14}.Debug|Any CPU.Build.0 = Debug|Any CPU
		{F1DD28AE-5596-4F31-A8E5-281B5E5EAC14}.Release|Any CPU.ActiveCfg = Release|Any CPU
		{F1DD28AE-5596-4F31-A8E5-281B5E5EAC14}.Release|Any CPU.Build.0 = Release|Any CPU
		{EDA5B55D-52DA-4DEE-937C-6DED7F61C6A4}.Debug|Any CPU.ActiveCfg = Debug|Any CPU
		{EDA5B55D-52DA-4DEE-937C-6DED7F61C6A4}.Debug|Any CPU.Build.0 = Debug|Any CPU
		{EDA5B55D-52DA-4DEE-937C-6DED7F61C6A4}.Release|Any CPU.ActiveCfg = Release|Any CPU
		{EDA5B55D-52DA-4DEE-937C-6DED7F61C6A4}.Release|Any CPU.Build.0 = Release|Any CPU
	EndGlobalSection
	GlobalSection(SolutionProperties) = preSolution
		HideSolutionNode = FALSE
	EndGlobalSection
EndGlobal
